
Microsoft Visual Studio Solution File, Format Version 12.00
# Visual Studio Version 16
VisualStudioVersion = 16.0.31702.278
MinimumVisualStudioVersion = 10.0.40219.1
Project("{FAE04EC0-301F-11D3-BF4B-00C04F79EFBC}") = "TimothyMcNamaraLab_03", "TimothyMcNamaraLab_03\TimothyMcNamaraLab_03.csproj", "{1C397329-0772-4BAB-93A6-DAF94955D68B}"
EndProject
Global
	GlobalSection(SolutionConfigurationPlatforms) = preSolution
		Debug|Any CPU = Debug|Any CPU
		Release|Any CPU = Release|Any CPU
	EndGlobalSection
	GlobalSection(ProjectConfigurationPlatforms) = postSolution
		{1C397329-0772-4BAB-93A6-DAF94955D68B}.Debug|Any CPU.ActiveCfg = Debug|Any CPU
		{1C397329-0772-4BAB-93A6-DAF94955D68B}.Debug|Any CPU.Build.0 = Debug|Any CPU
		{1C397329-0772-4BAB-93A6-DAF94955D68B}.Release|Any CPU.ActiveCfg = Release|Any CPU
		{1C397329-0772-4BAB-93A6-DAF94955D68B}.Release|Any CPU.Build.0 = Release|Any CPU
	EndGlobalSection
	GlobalSection(SolutionProperties) = preSolution
		HideSolutionNode = FALSE
	EndGlobalSection
	GlobalSection(ExtensibilityGlobals) = postSolution
		SolutionGuid = {DB2A13AD-815B-4AC9-A056-0D4421FD1C11}
	EndGlobalSection
EndGlobal
