
Microsoft Visual Studio Solution File, Format Version 12.00
# Visual Studio Version 16
VisualStudioVersion = 16.0.31624.102
MinimumVisualStudioVersion = 10.0.40219.1
Project("{FAE04EC0-301F-11D3-BF4B-00C04F79EFBC}") = "TimothyMcNamaraLab_03_04", "TimothyMcNamaraLab_03_04\TimothyMcNamaraLab_03_04.csproj", "{4FA2D204-D03A-46A5-87AD-0612ED5F5068}"
EndProject
Global
	GlobalSection(SolutionConfigurationPlatforms) = preSolution
		Debug|Any CPU = Debug|Any CPU
		Release|Any CPU = Release|Any CPU
	EndGlobalSection
	GlobalSection(ProjectConfigurationPlatforms) = postSolution
		{4FA2D204-D03A-46A5-87AD-0612ED5F5068}.Debug|Any CPU.ActiveCfg = Debug|Any CPU
		{4FA2D204-D03A-46A5-87AD-0612ED5F5068}.Debug|Any CPU.Build.0 = Debug|Any CPU
		{4FA2D204-D03A-46A5-87AD-0612ED5F5068}.Release|Any CPU.ActiveCfg = Release|Any CPU
		{4FA2D204-D03A-46A5-87AD-0612ED5F5068}.Release|Any CPU.Build.0 = Release|Any CPU
	EndGlobalSection
	GlobalSection(SolutionProperties) = preSolution
		HideSolutionNode = FALSE
	EndGlobalSection
	GlobalSection(ExtensibilityGlobals) = postSolution
		SolutionGuid = {76A5D141-3A8F-4F04-AA43-A51ECC450771}
	EndGlobalSection
EndGlobal
